
Microsoft Visual Studio Solution File, Format Version 12.00
# Visual Studio 14
VisualStudioVersion = 14.0.25420.1
MinimumVisualStudioVersion = 10.0.40219.1
Project("{FAE04EC0-301F-11D3-BF4B-00C04F79EFBC}") = "aplicacion.01", "aplicacion.01\aplicacion.01.csproj", "{457C1B32-F9A4-4D19-B118-7B3C644D23D9}"
EndProject
Project("{FAE04EC0-301F-11D3-BF4B-00C04F79EFBC}") = "ComboBox", "WindowsFormsApplication1\ComboBox.csproj", "{A9F7B062-1491-44B5-A755-B9F4C355D645}"
EndProject
Project("{FAE04EC0-301F-11D3-BF4B-00C04F79EFBC}") = "aplicacion.02", "aplicacion.02\aplicacion.02.csproj", "{9DA577A8-21B5-42B7-9590-0D1970E3C3EF}"
EndProject
Project("{FAE04EC0-301F-11D3-BF4B-00C04F79EFBC}") = "aplicacion.03", "aplicacion.03\aplicacion.03.csproj", "{83010AA0-18EA-40B8-B14D-4E11A1D5D42B}"
EndProject
Global
	GlobalSection(SolutionConfigurationPlatforms) = preSolution
		Debug|Any CPU = Debug|Any CPU
		Release|Any CPU = Release|Any CPU
	EndGlobalSection
	GlobalSection(ProjectConfigurationPlatforms) = postSolution
		{457C1B32-F9A4-4D19-B118-7B3C644D23D9}.Debug|Any CPU.ActiveCfg = Debug|Any CPU
		{457C1B32-F9A4-4D19-B118-7B3C644D23D9}.Debug|Any CPU.Build.0 = Debug|Any CPU
		{457C1B32-F9A4-4D19-B118-7B3C644D23D9}.Release|Any CPU.ActiveCfg = Release|Any CPU
		{457C1B32-F9A4-4D19-B118-7B3C644D23D9}.Release|Any CPU.Build.0 = Release|Any CPU
		{A9F7B062-1491-44B5-A755-B9F4C355D645}.Debug|Any CPU.ActiveCfg = Debug|Any CPU
		{A9F7B062-1491-44B5-A755-B9F4C355D645}.Debug|Any CPU.Build.0 = Debug|Any CPU
		{A9F7B062-1491-44B5-A755-B9F4C355D645}.Release|Any CPU.ActiveCfg = Release|Any CPU
		{A9F7B062-1491-44B5-A755-B9F4C355D645}.Release|Any CPU.Build.0 = Release|Any CPU
		{9DA577A8-21B5-42B7-9590-0D1970E3C3EF}.Debug|Any CPU.ActiveCfg = Debug|Any CPU
		{9DA577A8-21B5-42B7-9590-0D1970E3C3EF}.Debug|Any CPU.Build.0 = Debug|Any CPU
		{9DA577A8-21B5-42B7-9590-0D1970E3C3EF}.Release|Any CPU.ActiveCfg = Release|Any CPU
		{9DA577A8-21B5-42B7-9590-0D1970E3C3EF}.Release|Any CPU.Build.0 = Release|Any CPU
		{83010AA0-18EA-40B8-B14D-4E11A1D5D42B}.Debug|Any CPU.ActiveCfg = Debug|Any CPU
		{83010AA0-18EA-40B8-B14D-4E11A1D5D42B}.Debug|Any CPU.Build.0 = Debug|Any CPU
		{83010AA0-18EA-40B8-B14D-4E11A1D5D42B}.Release|Any CPU.ActiveCfg = Release|Any CPU
		{83010AA0-18EA-40B8-B14D-4E11A1D5D42B}.Release|Any CPU.Build.0 = Release|Any CPU
	EndGlobalSection
	GlobalSection(SolutionProperties) = preSolution
		HideSolutionNode = FALSE
	EndGlobalSection
EndGlobal
